
Microsoft Visual Studio Solution File, Format Version 12.00
# Visual Studio 14
VisualStudioVersion = 14.0.25123.0
MinimumVisualStudioVersion = 10.0.40219.1
Project("{FAE04EC0-301F-11D3-BF4B-00C04F79EFBC}") = "UploadMultipleFilesInMVC", "UploadMultipleFilesInMVC\UploadMultipleFilesInMVC.csproj", "{F4EB5EEB-0EC2-458B-B2C7-734F9FA9A2BB}"
EndProject
Global
	GlobalSection(SolutionConfigurationPlatforms) = preSolution
		Debug|Any CPU = Debug|Any CPU
		Release|Any CPU = Release|Any CPU
	EndGlobalSection
	GlobalSection(ProjectConfigurationPlatforms) = postSolution
		{F4EB5EEB-0EC2-458B-B2C7-734F9FA9A2BB}.Debug|Any CPU.ActiveCfg = Debug|Any CPU
		{F4EB5EEB-0EC2-458B-B2C7-734F9FA9A2BB}.Debug|Any CPU.Build.0 = Debug|Any CPU
		{F4EB5EEB-0EC2-458B-B2C7-734F9FA9A2BB}.Release|Any CPU.ActiveCfg = Release|Any CPU
		{F4EB5EEB-0EC2-458B-B2C7-734F9FA9A2BB}.Release|Any CPU.Build.0 = Release|Any CPU
	EndGlobalSection
	GlobalSection(SolutionProperties) = preSolution
		HideSolutionNode = FALSE
	EndGlobalSection
EndGlobal
